{
  "originHash" : "01bcb0bc806ca5ef6f4d654b06a84385ab4da7f45cba591f1c802c64b2950c73",
  "pins" : [
    {
      "identity" : "ffmpegbuild",
      "kind" : "remoteSourceControl",
      "location" : "https://github.com/maikopruett/FFmpegBuild",
      "state" : {
        "branch" : "main",
        "revision" : "b67657072bce6b292bc1a7fa0b8bbb42a6e0cefe"
      }
    }
  ],
  "version" : 3
}
